
Microsoft Visual Studio Solution File, Format Version 12.00
# Visual Studio Version 16
VisualStudioVersion = 16.0.29102.190
MinimumVisualStudioVersion = 10.0.40219.1
Project("{FAE04EC0-301F-11D3-BF4B-00C04F79EFBC}") = "ArduinoMonitor", "ArduinoMonitor\ArduinoMonitor.csproj", "{2221BC8A-8E1A-4A5A-9E00-ADFC81F2DDD1}"
EndProject
Global
	GlobalSection(SolutionConfigurationPlatforms) = preSolution
		Debug|Any CPU = Debug|Any CPU
		Release|Any CPU = Release|Any CPU
	EndGlobalSection
	GlobalSection(ProjectConfigurationPlatforms) = postSolution
		{2221BC8A-8E1A-4A5A-9E00-ADFC81F2DDD1}.Debug|Any CPU.ActiveCfg = Debug|Any CPU
		{2221BC8A-8E1A-4A5A-9E00-ADFC81F2DDD1}.Debug|Any CPU.Build.0 = Debug|Any CPU
		{2221BC8A-8E1A-4A5A-9E00-ADFC81F2DDD1}.Release|Any CPU.ActiveCfg = Release|Any CPU
		{2221BC8A-8E1A-4A5A-9E00-ADFC81F2DDD1}.Release|Any CPU.Build.0 = Release|Any CPU
	EndGlobalSection
	GlobalSection(SolutionProperties) = preSolution
		HideSolutionNode = FALSE
	EndGlobalSection
	GlobalSection(ExtensibilityGlobals) = postSolution
		SolutionGuid = {709D795B-2D16-42CD-920B-004269C6A32E}
	EndGlobalSection
EndGlobal
